{"format_version":"1.2","terraform_version":"1.6.6","variables":{"cloudflare_account_id":{"value":"acc_dummy"},"cloudflare_api_token":{"value":"dummy"},"env":{"value":"dev"},"name_prefix":{"value":"lokaltreu-dev"},"neon_api_key":{"value":"dummy"},"neon_region":{"value":"aws-eu-central-1"},"r2_jurisdiction":{"value":"eu"},"upstash_api_key":{"value":"dummy"},"upstash_email":{"value":"dev@example.invalid"},"upstash_redis_token":{"value":""},"upstash_redis_url":{"value":""},"upstash_region":{"value":"eu-central-1"}},"planned_values":{"outputs":{"env":{"sensitive":false,"type":"string","value":"dev"},"name_prefix":{"sensitive":false,"type":"string","value":"lokaltreu-dev"}},"root_module":{"resources":[{"address":"neon_branch.main","mode":"managed","type":"neon_branch","name":"main","provider_name":"registry.terraform.io/kislerdm/neon","schema_version":8,"values":{"name":"main","protected":null},"sensitive_values":{}},{"address":"neon_project.db","mode":"managed","type":"neon_project","name":"db","provider_name":"registry.terraform.io/kislerdm/neon","schema_version":11,"values":{"allowed_ips":null,"allowed_ips_protected_branches_only":null,"enable_logical_replication":null,"history_retention_seconds":86400,"name":"lokaltreu-dev-pg","org_id":null,"region_id":"aws-eu-central-1","store_password":"yes"},"sensitive_values":{"branch":[],"default_endpoint_settings":[],"quota":[]}}]}},"resource_changes":[{"address":"neon_branch.main","mode":"managed","type":"neon_branch","name":"main","provider_name":"registry.terraform.io/kislerdm/neon","change":{"actions":["create"],"before":null,"after":{"name":"main","protected":null},"after_unknown":{"id":true,"logical_size":true,"parent_id":true,"parent_lsn":true,"parent_timestamp":true,"project_id":true},"before_sensitive":false,"after_sensitive":{}}},{"address":"neon_project.db","mode":"managed","type":"neon_project","name":"db","provider_name":"registry.terraform.io/kislerdm/neon","change":{"actions":["create"],"before":null,"after":{"allowed_ips":null,"allowed_ips_protected_branches_only":null,"enable_logical_replication":null,"history_retention_seconds":86400,"name":"lokaltreu-dev-pg","org_id":null,"region_id":"aws-eu-central-1","store_password":"yes"},"after_unknown":{"branch":true,"compute_provisioner":true,"connection_uri":true,"connection_uri_pooler":true,"database_host":true,"database_host_pooler":true,"database_name":true,"database_password":true,"database_user":true,"default_branch_id":true,"default_endpoint_id":true,"default_endpoint_settings":true,"id":true,"pg_version":true,"quota":true},"before_sensitive":false,"after_sensitive":{"branch":[],"connection_uri":true,"connection_uri_pooler":true,"database_password":true,"default_endpoint_settings":[],"quota":[]}}}],"output_changes":{"env":{"actions":["no-op"],"before":"dev","after":"dev","after_unknown":false,"before_sensitive":false,"after_sensitive":false},"name_prefix":{"actions":["no-op"],"before":"lokaltreu-dev","after":"lokaltreu-dev","after_unknown":false,"before_sensitive":false,"after_sensitive":false}},"prior_state":{"format_version":"1.0","terraform_version":"1.6.6","values":{"outputs":{"env":{"sensitive":false,"value":"dev","type":"string"},"name_prefix":{"sensitive":false,"value":"lokaltreu-dev","type":"string"}},"root_module":{}}},"configuration":{"provider_config":{"cloudflare":{"name":"cloudflare","full_name":"registry.terraform.io/cloudflare/cloudflare","version_constraint":"~\u003e 5.11.0","expressions":{"api_token":{"references":["var.cloudflare_api_token"]}}},"fly":{"name":"fly","full_name":"registry.terraform.io/fly-apps/fly","version_constraint":"~\u003e 0.0.23"},"neon":{"name":"neon","full_name":"registry.terraform.io/kislerdm/neon","version_constraint":"~\u003e 0.9.0","expressions":{"api_key":{"references":["var.neon_api_key"]}}},"upstash":{"name":"upstash","full_name":"registry.terraform.io/upstash/upstash","version_constraint":"~\u003e 2.1.0","expressions":{"api_key":{"references":["var.upstash_api_key"]},"email":{"references":["var.upstash_email"]}}}},"root_module":{"outputs":{"env":{"expression":{"references":["var.env"]}},"name_prefix":{"expression":{"references":["local.name_prefix"]}}},"resources":[{"address":"neon_branch.main","mode":"managed","type":"neon_branch","name":"main","provider_config_key":"neon","expressions":{"name":{"constant_value":"main"},"project_id":{"references":["neon_project.db.id","neon_project.db"]}},"schema_version":8},{"address":"neon_project.db","mode":"managed","type":"neon_project","name":"db","provider_config_key":"neon","expressions":{"name":{"references":["var.name_prefix"]},"region_id":{"references":["var.neon_region"]}},"schema_version":11}],"variables":{"cloudflare_account_id":{},"cloudflare_api_token":{"sensitive":true},"env":{},"name_prefix":{"default":"lokaltreu-dev"},"neon_api_key":{"sensitive":true},"neon_region":{"default":"aws-eu-central-1"},"r2_jurisdiction":{"default":"eu"},"upstash_api_key":{"sensitive":true},"upstash_email":{"sensitive":true},"upstash_redis_token":{"default":"","sensitive":true},"upstash_redis_url":{"default":"","sensitive":true},"upstash_region":{"default":"eu-central-1"}}}},"relevant_attributes":[{"resource":"neon_project.db","attribute":["id"]}],"checks":[{"address":{"kind":"var","name":"env","to_display":"var.env"},"status":"pass","instances":[{"address":{"to_display":"var.env"},"status":"pass"}]}],"timestamp":"2025-10-31T10:37:11Z","errored":false}
